// !$*UTF8*$!
{
	archiveVersion = 1;
	classes = {
	};
	objectVersion = 50;
	objects = {

/* Begin PBXBuildFile section */
		263BDC386F2910F7F6C3A4FB /* Pods_RealmDemo.framework in Frameworks */ = {isa = PBXBuildFile; fileRef = 54CEC5CD8364094F15891B03 /* Pods_RealmDemo.framework */; };
		9679CEA6225EEDFE008448CA /* AppDelegate.swift in Sources */ = {isa = PBXBuildFile; fileRef = 9679CEA5225EEDFE008448CA /* AppDelegate.swift */; };
		9679CEA8225EEDFE008448CA /* ViewController.swift in Sources */ = {isa = PBXBuildFile; fileRef = 9679CEA7225EEDFE008448CA /* ViewController.swift */; };
		9679CEAB225EEDFE008448CA /* Main.storyboard in Resources */ = {isa = PBXBuildFile; fileRef = 9679CEA9225EEDFE008448CA /* Main.storyboard */; };
		9679CEAD225EEE00008448CA /* Assets.xcassets in Resources */ = {isa = PBXBuildFile; fileRef = 9679CEAC225EEE00008448CA /* Assets.xcassets */; };
		9679CEB0225EEE00008448CA /* LaunchScreen.storyboard in Resources */ = {isa = PBXBuildFile; fileRef = 9679CEAE225EEE00008448CA /* LaunchScreen.storyboard */; };
		9679CEBB225EEE00008448CA /* RealmDemoTests.swift in Sources */ = {isa = PBXBuildFile; fileRef = 9679CEBA225EEE00008448CA /* RealmDemoTests.swift */; };
		9679CEC6225EEE00008448CA /* RealmDemoUITests.swift in Sources */ = {isa = PBXBuildFile; fileRef = 9679CEC5225EEE00008448CA /* RealmDemoUITests.swift */; };
		9679CED4225EEEB4008448CA /* Model.swift in Sources */ = {isa = PBXBuildFile; fileRef = 9679CED3225EEEB4008448CA /* Model.swift */; };
		A8A0802766A140B17AD66FFE /* Pods_RealmDemoTests.framework in Frameworks */ = {isa = PBXBuildFile; fileRef = 461912DAF87A80DC88B0D747 /* Pods_RealmDemoTests.framework */; };
		CF69F4D178429BC2E88CB9E6 /* Pods_RealmDemoUITests.framework in Frameworks */ = {isa = PBXBuildFile; fileRef = D0C23C5E38EAD11D6185D638 /* Pods_RealmDemoUITests.framework */; };
/* End PBXBuildFile section */

/* Begin PBXContainerItemProxy section */
		9679CEB7225EEE00008448CA /* PBXContainerItemProxy */ = {
			isa = PBXContainerItemProxy;
			containerPortal = 9679CE9A225EEDFE008448CA /* Project object */;
			proxyType = 1;
			remoteGlobalIDString = 9679CEA1225EEDFE008448CA;
			remoteInfo = RealmDemo;
		};
		9679CEC2225EEE00008448CA /* PBXContainerItemProxy */ = {
			isa = PBXContainerItemProxy;
			containerPortal = 9679CE9A225EEDFE008448CA /* Project object */;
			proxyType = 1;
			remoteGlobalIDString = 9679CEA1225EEDFE008448CA;
			remoteInfo = RealmDemo;
		};
/* End PBXContainerItemProxy section */

/* Begin PBXFileReference section */
		05B176785476FCC7D5CD6DA3 /* Pods-RealmDemo.debug.xcconfig */ = {isa = PBXFileReference; includeInIndex = 1; lastKnownFileType = text.xcconfig; name = "Pods-RealmDemo.debug.xcconfig"; path = "Pods/Target Support Files/Pods-RealmDemo/Pods-RealmDemo.debug.xcconfig"; sourceTree = "<group>"; };
		0D925D6CEA781275887918E5 /* Pods-RealmDemoTests.release.xcconfig */ = {isa = PBXFileReference; includeInIndex = 1; lastKnownFileType = text.xcconfig; name = "Pods-RealmDemoTests.release.xcconfig"; path = "Pods/Target Support Files/Pods-RealmDemoTests/Pods-RealmDemoTests.release.xcconfig"; sourceTree = "<group>"; };
		3122D5FB073FE23019C79DF3 /* Pods-RealmDemoTests.debug.xcconfig */ = {isa = PBXFileReference; includeInIndex = 1; lastKnownFileType = text.xcconfig; name = "Pods-RealmDemoTests.debug.xcconfig"; path = "Pods/Target Support Files/Pods-RealmDemoTests/Pods-RealmDemoTests.debug.xcconfig"; sourceTree = "<group>"; };
		461912DAF87A80DC88B0D747 /* Pods_RealmDemoTests.framework */ = {isa = PBXFileReference; explicitFileType = wrapper.framework; includeInIndex = 0; path = Pods_RealmDemoTests.framework; sourceTree = BUILT_PRODUCTS_DIR; };
		54CEC5CD8364094F15891B03 /* Pods_RealmDemo.framework */ = {isa = PBXFileReference; explicitFileType = wrapper.framework; includeInIndex = 0; path = Pods_RealmDemo.framework; sourceTree = BUILT_PRODUCTS_DIR; };
		9679CEA2225EEDFE008448CA /* RealmDemo.app */ = {isa = PBXFileReference; explicitFileType = wrapper.application; includeInIndex = 0; path = RealmDemo.app; sourceTree = BUILT_PRODUCTS_DIR; };
		9679CEA5225EEDFE008448CA /* AppDelegate.swift */ = {isa = PBXFileReference; lastKnownFileType = sourcecode.swift; path = AppDelegate.swift; sourceTree = "<group>"; };
		9679CEA7225EEDFE008448CA /* ViewController.swift */ = {isa = PBXFileReference; lastKnownFileType = sourcecode.swift; path = ViewController.swift; sourceTree = "<group>"; };
		9679CEAA225EEDFE008448CA /* Base */ = {isa = PBXFileReference; lastKnownFileType = file.storyboard; name = Base; path = Base.lproj/Main.storyboard; sourceTree = "<group>"; };
		9679CEAC225EEE00008448CA /* Assets.xcassets */ = {isa = PBXFileReference; lastKnownFileType = folder.assetcatalog; path = Assets.xcassets; sourceTree = "<group>"; };
		9679CEAF225EEE00008448CA /* Base */ = {isa = PBXFileReference; lastKnownFileType = file.storyboard; name = Base; path = Base.lproj/LaunchScreen.storyboard; sourceTree = "<group>"; };
		9679CEB1225EEE00008448CA /* Info.plist */ = {isa = PBXFileReference; lastKnownFileType = text.plist.xml; path = Info.plist; sourceTree = "<group>"; };
		9679CEB6225EEE00008448CA /* RealmDemoTests.xctest */ = {isa = PBXFileReference; explicitFileType = wrapper.cfbundle; includeInIndex = 0; path = RealmDemoTests.xctest; sourceTree = BUILT_PRODUCTS_DIR; };
		9679CEBA225EEE00008448CA /* RealmDemoTests.swift */ = {isa = PBXFileReference; lastKnownFileType = sourcecode.swift; path = RealmDemoTests.swift; sourceTree = "<group>"; };
		9679CEBC225EEE00008448CA /* Info.plist */ = {isa = PBXFileReference; lastKnownFileType = text.plist.xml; path = Info.plist; sourceTree = "<group>"; };
		9679CEC1225EEE00008448CA /* RealmDemoUITests.xctest */ = {isa = PBXFileReference; explicitFileType = wrapper.cfbundle; includeInIndex = 0; path = RealmDemoUITests.xctest; sourceTree = BUILT_PRODUCTS_DIR; };
		9679CEC5225EEE00008448CA /* RealmDemoUITests.swift */ = {isa = PBXFileReference; lastKnownFileType = sourcecode.swift; path = RealmDemoUITests.swift; sourceTree = "<group>"; };
		9679CEC7225EEE00008448CA /* Info.plist */ = {isa = PBXFileReference; lastKnownFileType = text.plist.xml; path = Info.plist; sourceTree = "<group>"; };
		9679CED3225EEEB4008448CA /* Model.swift */ = {isa = PBXFileReference; lastKnownFileType = sourcecode.swift; path = Model.swift; sourceTree = "<group>"; };
		C817977C89114A83DD8ADEB8 /* Pods-RealmDemoUITests.debug.xcconfig */ = {isa = PBXFileReference; includeInIndex = 1; lastKnownFileType = text.xcconfig; name = "Pods-RealmDemoUITests.debug.xcconfig"; path = "Pods/Target Support Files/Pods-RealmDemoUITests/Pods-RealmDemoUITests.debug.xcconfig"; sourceTree = "<group>"; };
		D0C23C5E38EAD11D6185D638 /* Pods_RealmDemoUITests.framework */ = {isa = PBXFileReference; explicitFileType = wrapper.framework; includeInIndex = 0; path = Pods_RealmDemoUITests.framework; sourceTree = BUILT_PRODUCTS_DIR; };
		DC55AEB381F29A23EBB6E292 /* Pods-RealmDemo.release.xcconfig */ = {isa = PBXFileReference; includeInIndex = 1; lastKnownFileType = text.xcconfig; name = "Pods-RealmDemo.release.xcconfig"; path = "Pods/Target Support Files/Pods-RealmDemo/Pods-RealmDemo.release.xcconfig"; sourceTree = "<group>"; };
		E56AF613D501F84636E7C566 /* Pods-RealmDemoUITests.release.xcconfig */ = {isa = PBXFileReference; includeInIndex = 1; lastKnownFileType = text.xcconfig; name = "Pods-RealmDemoUITests.release.xcconfig"; path = "Pods/Target Support Files/Pods-RealmDemoUITests/Pods-RealmDemoUITests.release.xcconfig"; sourceTree = "<group>"; };
/* End PBXFileReference section */

/* Begin PBXFrameworksBuildPhase section */
		9679CE9F225EEDFE008448CA /* Frameworks */ = {
			isa = PBXFrameworksBuildPhase;
			buildActionMask = 2147483647;
			files = (
				263BDC386F2910F7F6C3A4FB /* Pods_RealmDemo.framework in Frameworks */,
			);
			runOnlyForDeploymentPostprocessing = 0;
		};
		9679CEB3225EEE00008448CA /* Frameworks */ = {
			isa = PBXFrameworksBuildPhase;
			buildActionMask = 2147483647;
			files = (
				A8A0802766A140B17AD66FFE /* Pods_RealmDemoTests.framework in Frameworks */,
			);
			runOnlyForDeploymentPostprocessing = 0;
		};
		9679CEBE225EEE00008448CA /* Frameworks */ = {
			isa = PBXFrameworksBuildPhase;
			buildActionMask = 2147483647;
			files = (
				CF69F4D178429BC2E88CB9E6 /* Pods_RealmDemoUITests.framework in Frameworks */,
			);
			runOnlyForDeploymentPostprocessing = 0;
		};
/* End PBXFrameworksBuildPhase section */

/* Begin PBXGroup section */
		94A960DE03B25020A6A8A334 /* Pods */ = {
			isa = PBXGroup;
			children = (
				05B176785476FCC7D5CD6DA3 /* Pods-RealmDemo.debug.xcconfig */,
				DC55AEB381F29A23EBB6E292 /* Pods-RealmDemo.release.xcconfig */,
				3122D5FB073FE23019C79DF3 /* Pods-RealmDemoTests.debug.xcconfig */,
				0D925D6CEA781275887918E5 /* Pods-RealmDemoTests.release.xcconfig */,
				C817977C89114A83DD8ADEB8 /* Pods-RealmDemoUITests.debug.xcconfig */,
				E56AF613D501F84636E7C566 /* Pods-RealmDemoUITests.release.xcconfig */,
			);
			name = Pods;
			sourceTree = "<group>";
		};
		9679CE99225EEDFE008448CA = {
			isa = PBXGroup;
			children = (
				9679CEA4225EEDFE008448CA /* RealmDemo */,
				9679CEB9225EEE00008448CA /* RealmDemoTests */,
				9679CEC4225EEE00008448CA /* RealmDemoUITests */,
				9679CEA3225EEDFE008448CA /* Products */,
				94A960DE03B25020A6A8A334 /* Pods */,
				FC81F77A82A0762E7EB90EC1 /* Frameworks */,
			);
			sourceTree = "<group>";
		};
		9679CEA3225EEDFE008448CA /* Products */ = {
			isa = PBXGroup;
			children = (
				9679CEA2225EEDFE008448CA /* RealmDemo.app */,
				9679CEB6225EEE00008448CA /* RealmDemoTests.xctest */,
				9679CEC1225EEE00008448CA /* RealmDemoUITests.xctest */,
			);
			name = Products;
			sourceTree = "<group>";
		};
		9679CEA4225EEDFE008448CA /* RealmDemo */ = {
			isa = PBXGroup;
			children = (
				9679CEA5225EEDFE008448CA /* AppDelegate.swift */,
				9679CEA7225EEDFE008448CA /* ViewController.swift */,
				9679CED3225EEEB4008448CA /* Model.swift */,
				9679CEA9225EEDFE008448CA /* Main.storyboard */,
				9679CEAC225EEE00008448CA /* Assets.xcassets */,
				9679CEAE225EEE00008448CA /* LaunchScreen.storyboard */,
				9679CEB1225EEE00008448CA /* Info.plist */,
			);
			path = RealmDemo;
			sourceTree = "<group>";
		};
		9679CEB9225EEE00008448CA /* RealmDemoTests */ = {
			isa = PBXGroup;
			children = (
				9679CEBA225EEE00008448CA /* RealmDemoTests.swift */,
				9679CEBC225EEE00008448CA /* Info.plist */,
			);
			path = RealmDemoTests;
			sourceTree = "<group>";
		};
		9679CEC4225EEE00008448CA /* RealmDemoUITests */ = {
			isa = PBXGroup;
			children = (
				9679CEC5225EEE00008448CA /* RealmDemoUITests.swift */,
				9679CEC7225EEE00008448CA /* Info.plist */,
			);
			path = RealmDemoUITests;
			sourceTree = "<group>";
		};
		FC81F77A82A0762E7EB90EC1 /* Frameworks */ = {
			isa = PBXGroup;
			children = (
				54CEC5CD8364094F15891B03 /* Pods_RealmDemo.framework */,
				461912DAF87A80DC88B0D747 /* Pods_RealmDemoTests.framework */,
				D0C23C5E38EAD11D6185D638 /* Pods_RealmDemoUITests.framework */,
			);
			name = Frameworks;
			sourceTree = "<group>";
		};
/* End PBXGroup section */

/* Begin PBXNativeTarget section */
		9679CEA1225EEDFE008448CA /* RealmDemo */ = {
			isa = PBXNativeTarget;
			buildConfigurationList = 9679CECA225EEE00008448CA /* Build configuration list for PBXNativeTarget "RealmDemo" */;
			buildPhases = (
				54DAFA4B2A62709BEC3F2EEB /* [CP] Check Pods Manifest.lock */,
				9679CE9E225EEDFE008448CA /* Sources */,
				9679CE9F225EEDFE008448CA /* Frameworks */,
				9679CEA0225EEDFE008448CA /* Resources */,
				BBB278D529A8D38096556F21 /* [CP] Embed Pods Frameworks */,
			);
			buildRules = (
			);
			dependencies = (
			);
			name = RealmDemo;
			productName = RealmDemo;
			productReference = 9679CEA2225EEDFE008448CA /* RealmDemo.app */;
			productType = "com.apple.product-type.application";
		};
		9679CEB5225EEE00008448CA /* RealmDemoTests */ = {
			isa = PBXNativeTarget;
			buildConfigurationList = 9679CECD225EEE00008448CA /* Build configuration list for PBXNativeTarget "RealmDemoTests" */;
			buildPhases = (
				221FF93788DA6F63DD344178 /* [CP] Check Pods Manifest.lock */,
				9679CEB2225EEE00008448CA /* Sources */,
				9679CEB3225EEE00008448CA /* Frameworks */,
				9679CEB4225EEE00008448CA /* Resources */,
			);
			buildRules = (
			);
			dependencies = (
				9679CEB8225EEE00008448CA /* PBXTargetDependency */,
			);
			name = RealmDemoTests;
			productName = RealmDemoTests;
			productReference = 9679CEB6225EEE00008448CA /* RealmDemoTests.xctest */;
			productType = "com.apple.product-type.bundle.unit-test";
		};
		9679CEC0225EEE00008448CA /* RealmDemoUITests */ = {
			isa = PBXNativeTarget;
			buildConfigurationList = 9679CED0225EEE00008448CA /* Build configuration list for PBXNativeTarget "RealmDemoUITests" */;
			buildPhases = (
				F79BCE67C5D8DFAC5ADEA2F0 /* [CP] Check Pods Manifest.lock */,
				9679CEBD225EEE00008448CA /* Sources */,
				9679CEBE225EEE00008448CA /* Frameworks */,
				9679CEBF225EEE00008448CA /* Resources */,
			);
			buildRules = (
			);
			dependencies = (
				9679CEC3225EEE00008448CA /* PBXTargetDependency */,
			);
			name = RealmDemoUITests;
			productName = RealmDemoUITests;
			productReference = 9679CEC1225EEE00008448CA /* RealmDemoUITests.xctest */;
			productType = "com.apple.product-type.bundle.ui-testing";
		};
/* End PBXNativeTarget section */

/* Begin PBXProject section */
		9679CE9A225EEDFE008448CA /* Project object */ = {
			isa = PBXProject;
			attributes = {
				LastSwiftUpdateCheck = 1020;
				LastUpgradeCheck = 1020;
				ORGANIZATIONNAME = chandler7k;
				TargetAttributes = {
					9679CEA1225EEDFE008448CA = {
						CreatedOnToolsVersion = 10.2;
					};
					9679CEB5225EEE00008448CA = {
						CreatedOnToolsVersion = 10.2;
						TestTargetID = 9679CEA1225EEDFE008448CA;
					};
					9679CEC0225EEE00008448CA = {
						CreatedOnToolsVersion = 10.2;
						TestTargetID = 9679CEA1225EEDFE008448CA;
					};
				};
			};
			buildConfigurationList = 9679CE9D225EEDFE008448CA /* Build configuration list for PBXProject "RealmDemo" */;
			compatibilityVersion = "Xcode 9.3";
			developmentRegion = en;
			hasScannedForEncodings = 0;
			knownRegions = (
				en,
				Base,
			);
			mainGroup = 9679CE99225EEDFE008448CA;
			productRefGroup = 9679CEA3225EEDFE008448CA /* Products */;
			projectDirPath = "";
			projectRoot = "";
			targets = (
				9679CEA1225EEDFE008448CA /* RealmDemo */,
				9679CEB5225EEE00008448CA /* RealmDemoTests */,
				9679CEC0225EEE00008448CA /* RealmDemoUITests */,
			);
		};
/* End PBXProject section */

/* Begin PBXResourcesBuildPhase section */
		9679CEA0225EEDFE008448CA /* Resources */ = {
			isa = PBXResourcesBuildPhase;
			buildActionMask = 2147483647;
			files = (
				9679CEB0225EEE00008448CA /* LaunchScreen.storyboard in Resources */,
				9679CEAD225EEE00008448CA /* Assets.xcassets in Resources */,
				9679CEAB225EEDFE008448CA /* Main.storyboard in Resources */,
			);
			runOnlyForDeploymentPostprocessing = 0;
		};
		9679CEB4225EEE00008448CA /* Resources */ = {
			isa = PBXResourcesBuildPhase;
			buildActionMask = 2147483647;
			files = (
			);
			runOnlyForDeploymentPostprocessing = 0;
		};
		9679CEBF225EEE00008448CA /* Resources */ = {
			isa = PBXResourcesBuildPhase;
			buildActionMask = 2147483647;
			files = (
			);
			runOnlyForDeploymentPostprocessing = 0;
		};
/* End PBXResourcesBuildPhase section */

/* Begin PBXShellScriptBuildPhase section */
		221FF93788DA6F63DD344178 /* [CP] Check Pods Manifest.lock */ = {
			isa = PBXShellScriptBuildPhase;
			buildActionMask = 2147483647;
			files = (
			);
			inputFileListPaths = (
			);
			inputPaths = (
				"${PODS_PODFILE_DIR_PATH}/Podfile.lock",
				"${PODS_ROOT}/Manifest.lock",
			);
			name = "[CP] Check Pods Manifest.lock";
			outputFileListPaths = (
			);
			outputPaths = (
				"$(DERIVED_FILE_DIR)/Pods-RealmDemoTests-checkManifestLockResult.txt",
			);
			runOnlyForDeploymentPostprocessing = 0;
			shellPath = /bin/sh;
			shellScript = "diff \"${PODS_PODFILE_DIR_PATH}/Podfile.lock\" \"${PODS_ROOT}/Manifest.lock\" > /dev/null\nif [ $? != 0 ] ; then\n    # print error to STDERR\n    echo \"error: The sandbox is not in sync with the Podfile.lock. Run 'pod install' or update your CocoaPods installation.\" >&2\n    exit 1\nfi\n# This output is used by Xcode 'outputs' to avoid re-running this script phase.\necho \"SUCCESS\" > \"${SCRIPT_OUTPUT_FILE_0}\"\n";
			showEnvVarsInLog = 0;
		};
		54DAFA4B2A62709BEC3F2EEB /* [CP] Check Pods Manifest.lock */ = {
			isa = PBXShellScriptBuildPhase;
			buildActionMask = 2147483647;
			files = (
			);
			inputFileListPaths = (
			);
			inputPaths = (
				"${PODS_PODFILE_DIR_PATH}/Podfile.lock",
				"${PODS_ROOT}/Manifest.lock",
			);
			name = "[CP] Check Pods Manifest.lock";
			outputFileListPaths = (
			);
			outputPaths = (
				"$(DERIVED_FILE_DIR)/Pods-RealmDemo-checkManifestLockResult.txt",
			);
			runOnlyForDeploymentPostprocessing = 0;
			shellPath = /bin/sh;
			shellScript = "diff \"${PODS_PODFILE_DIR_PATH}/Podfile.lock\" \"${PODS_ROOT}/Manifest.lock\" > /dev/null\nif [ $? != 0 ] ; then\n    # print error to STDERR\n    echo \"error: The sandbox is not in sync with the Podfile.lock. Run 'pod install' or update your CocoaPods installation.\" >&2\n    exit 1\nfi\n# This output is used by Xcode 'outputs' to avoid re-running this script phase.\necho \"SUCCESS\" > \"${SCRIPT_OUTPUT_FILE_0}\"\n";
			showEnvVarsInLog = 0;
		};
		BBB278D529A8D38096556F21 /* [CP] Embed Pods Frameworks */ = {
			isa = PBXShellScriptBuildPhase;
			buildActionMask = 2147483647;
			files = (
			);
			inputFileListPaths = (
			);
			inputPaths = (
				"${SRCROOT}/Pods/Target Support Files/Pods-RealmDemo/Pods-RealmDemo-frameworks.sh",
				"${BUILT_PRODUCTS_DIR}/Realm/Realm.framework",
				"${BUILT_PRODUCTS_DIR}/RealmSwift/RealmSwift.framework",
			);
			name = "[CP] Embed Pods Frameworks";
			outputFileListPaths = (
			);
			outputPaths = (
				"${TARGET_BUILD_DIR}/${FRAMEWORKS_FOLDER_PATH}/Realm.framework",
				"${TARGET_BUILD_DIR}/${FRAMEWORKS_FOLDER_PATH}/RealmSwift.framework",
			);
			runOnlyForDeploymentPostprocessing = 0;
			shellPath = /bin/sh;
			shellScript = "\"${SRCROOT}/Pods/Target Support Files/Pods-RealmDemo/Pods-RealmDemo-frameworks.sh\"\n";
			showEnvVarsInLog = 0;
		};
		F79BCE67C5D8DFAC5ADEA2F0 /* [CP] Check Pods Manifest.lock */ = {
			isa = PBXShellScriptBuildPhase;
			buildActionMask = 2147483647;
			files = (
			);
			inputFileListPaths = (
			);
			inputPaths = (
				"${PODS_PODFILE_DIR_PATH}/Podfile.lock",
				"${PODS_ROOT}/Manifest.lock",
			);
			name = "[CP] Check Pods Manifest.lock";
			outputFileListPaths = (
			);
			outputPaths = (
				"$(DERIVED_FILE_DIR)/Pods-RealmDemoUITests-checkManifestLockResult.txt",
			);
			runOnlyForDeploymentPostprocessing = 0;
			shellPath = /bin/sh;
			shellScript = "diff \"${PODS_PODFILE_DIR_PATH}/Podfile.lock\" \"${PODS_ROOT}/Manifest.lock\" > /dev/null\nif [ $? != 0 ] ; then\n    # print error to STDERR\n    echo \"error: The sandbox is not in sync with the Podfile.lock. Run 'pod install' or update your CocoaPods installation.\" >&2\n    exit 1\nfi\n# This output is used by Xcode 'outputs' to avoid re-running this script phase.\necho \"SUCCESS\" > \"${SCRIPT_OUTPUT_FILE_0}\"\n";
			showEnvVarsInLog = 0;
		};
/* End PBXShellScriptBuildPhase section */

/* Begin PBXSourcesBuildPhase section */
		9679CE9E225EEDFE008448CA /* Sources */ = {
			isa = PBXSourcesBuildPhase;
			buildActionMask = 2147483647;
			files = (
				9679CED4225EEEB4008448CA /* Model.swift in Sources */,
				9679CEA8225EEDFE008448CA /* ViewController.swift in Sources */,
				9679CEA6225EEDFE008448CA /* AppDelegate.swift in Sources */,
			);
			runOnlyForDeploymentPostprocessing = 0;
		};
		9679CEB2225EEE00008448CA /* Sources */ = {
			isa = PBXSourcesBuildPhase;
			buildActionMask = 2147483647;
			files = (
				9679CEBB225EEE00008448CA /* RealmDemoTests.swift in Sources */,
			);
			runOnlyForDeploymentPostprocessing = 0;
		};
		9679CEBD225EEE00008448CA /* Sources */ = {
			isa = PBXSourcesBuildPhase;
			buildActionMask = 2147483647;
			files = (
				9679CEC6225EEE00008448CA /* RealmDemoUITests.swift in Sources */,
			);
			runOnlyForDeploymentPostprocessing = 0;
		};
/* End PBXSourcesBuildPhase section */

/* Begin PBXTargetDependency section */
		9679CEB8225EEE00008448CA /* PBXTargetDependency */ = {
			isa = PBXTargetDependency;
			target = 9679CEA1225EEDFE008448CA /* RealmDemo */;
			targetProxy = 9679CEB7225EEE00008448CA /* PBXContainerItemProxy */;
		};
		9679CEC3225EEE00008448CA /* PBXTargetDependency */ = {
			isa = PBXTargetDependency;
			target = 9679CEA1225EEDFE008448CA /* RealmDemo */;
			targetProxy = 9679CEC2225EEE00008448CA /* PBXContainerItemProxy */;
		};
/* End PBXTargetDependency section */

/* Begin PBXVariantGroup section */
		9679CEA9225EEDFE008448CA /* Main.storyboard */ = {
			isa = PBXVariantGroup;
			children = (
				9679CEAA225EEDFE008448CA /* Base */,
			);
			name = Main.storyboard;
			sourceTree = "<group>";
		};
		9679CEAE225EEE00008448CA /* LaunchScreen.storyboard */ = {
			isa = PBXVariantGroup;
			children = (
				9679CEAF225EEE00008448CA /* Base */,
			);
			name = LaunchScreen.storyboard;
			sourceTree = "<group>";
		};
/* End PBXVariantGroup section */

/* Begin XCBuildConfiguration section */
		9679CEC8225EEE00008448CA /* Debug */ = {
			isa = XCBuildConfiguration;
			buildSettings = {
				ALWAYS_SEARCH_USER_PATHS = NO;
				CLANG_ANALYZER_NONNULL = YES;
				CLANG_ANALYZER_NUMBER_OBJECT_CONVERSION = YES_AGGRESSIVE;
				CLANG_CXX_LANGUAGE_STANDARD = "gnu++14";
				CLANG_CXX_LIBRARY = "libc++";
				CLANG_ENABLE_MODULES = YES;
				CLANG_ENABLE_OBJC_ARC = YES;
				CLANG_ENABLE_OBJC_WEAK = YES;
				CLANG_WARN_BLOCK_CAPTURE_AUTORELEASING = YES;
				CLANG_WARN_BOOL_CONVERSION = YES;
				CLANG_WARN_COMMA = YES;
				CLANG_WARN_CONSTANT_CONVERSION = YES;
				CLANG_WARN_DEPRECATED_OBJC_IMPLEMENTATIONS = YES;
				CLANG_WARN_DIRECT_OBJC_ISA_USAGE = YES_ERROR;
				CLANG_WARN_DOCUMENTATION_COMMENTS = YES;
				CLANG_WARN_EMPTY_BODY = YES;
				CLANG_WARN_ENUM_CONVERSION = YES;
				CLANG_WARN_INFINITE_RECURSION = YES;
				CLANG_WARN_INT_CONVERSION = YES;
				CLANG_WARN_NON_LITERAL_NULL_CONVERSION = YES;
				CLANG_WARN_OBJC_IMPLICIT_RETAIN_SELF = YES;
				CLANG_WARN_OBJC_LITERAL_CONVERSION = YES;
				CLANG_WARN_OBJC_ROOT_CLASS = YES_ERROR;
				CLANG_WARN_RANGE_LOOP_ANALYSIS = YES;
				CLANG_WARN_STRICT_PROTOTYPES = YES;
				CLANG_WARN_SUSPICIOUS_MOVE = YES;
				CLANG_WARN_UNGUARDED_AVAILABILITY = YES_AGGRESSIVE;
				CLANG_WARN_UNREACHABLE_CODE = YES;
				CLANG_WARN__DUPLICATE_METHOD_MATCH = YES;
				CODE_SIGN_IDENTITY = "iPhone Developer";
				COPY_PHASE_STRIP = NO;
				DEBUG_INFORMATION_FORMAT = dwarf;
				ENABLE_STRICT_OBJC_MSGSEND = YES;
				ENABLE_TESTABILITY = YES;
				GCC_C_LANGUAGE_STANDARD = gnu11;
				GCC_DYNAMIC_NO_PIC = NO;
				GCC_NO_COMMON_BLOCKS = YES;
				GCC_OPTIMIZATION_LEVEL = 0;
				GCC_PREPROCESSOR_DEFINITIONS = (
					"DEBUG=1",
					"$(inherited)",
				);
				GCC_WARN_64_TO_32_BIT_CONVERSION = YES;
				GCC_WARN_ABOUT_RETURN_TYPE = YES_ERROR;
				GCC_WARN_UNDECLARED_SELECTOR = YES;
				GCC_WARN_UNINITIALIZED_AUTOS = YES_AGGRESSIVE;
				GCC_WARN_UNUSED_FUNCTION = YES;
				GCC_WARN_UNUSED_VARIABLE = YES;
				IPHONEOS_DEPLOYMENT_TARGET = 12.2;
				MTL_ENABLE_DEBUG_INFO = INCLUDE_SOURCE;
				MTL_FAST_MATH = YES;
				ONLY_ACTIVE_ARCH = YES;
				SDKROOT = iphoneos;
				SWIFT_ACTIVE_COMPILATION_CONDITIONS = DEBUG;
				SWIFT_OPTIMIZATION_LEVEL = "-Onone";
			};
			name = Debug;
		};
		9679CEC9225EEE00008448CA /* Release */ = {
			isa = XCBuildConfiguration;
			buildSettings = {
				ALWAYS_SEARCH_USER_PATHS = NO;
				CLANG_ANALYZER_NONNULL = YES;
				CLANG_ANALYZER_NUMBER_OBJECT_CONVERSION = YES_AGGRESSIVE;
				CLANG_CXX_LANGUAGE_STANDARD = "gnu++14";
				CLANG_CXX_LIBRARY = "libc++";
				CLANG_ENABLE_MODULES = YES;
				CLANG_ENABLE_OBJC_ARC = YES;
				CLANG_ENABLE_OBJC_WEAK = YES;
				CLANG_WARN_BLOCK_CAPTURE_AUTORELEASING = YES;
				CLANG_WARN_BOOL_CONVERSION = YES;
				CLANG_WARN_COMMA = YES;
				CLANG_WARN_CONSTANT_CONVERSION = YES;
				CLANG_WARN_DEPRECATED_OBJC_IMPLEMENTATIONS = YES;
				CLANG_WARN_DIRECT_OBJC_ISA_USAGE = YES_ERROR;
				CLANG_WARN_DOCUMENTATION_COMMENTS = YES;
				CLANG_WARN_EMPTY_BODY = YES;
				CLANG_WARN_ENUM_CONVERSION = YES;
				CLANG_WARN_INFINITE_RECURSION = YES;
				CLANG_WARN_INT_CONVERSION = YES;
				CLANG_WARN_NON_LITERAL_NULL_CONVERSION = YES;
				CLANG_WARN_OBJC_IMPLICIT_RETAIN_SELF = YES;
				CLANG_WARN_OBJC_LITERAL_CONVERSION = YES;
				CLANG_WARN_OBJC_ROOT_CLASS = YES_ERROR;
				CLANG_WARN_RANGE_LOOP_ANALYSIS = YES;
				CLANG_WARN_STRICT_PROTOTYPES = YES;
				CLANG_WARN_SUSPICIOUS_MOVE = YES;
				CLANG_WARN_UNGUARDED_AVAILABILITY = YES_AGGRESSIVE;
				CLANG_WARN_UNREACHABLE_CODE = YES;
				CLANG_WARN__DUPLICATE_METHOD_MATCH = YES;
				CODE_SIGN_IDENTITY = "iPhone Developer";
				COPY_PHASE_STRIP = NO;
				DEBUG_INFORMATION_FORMAT = "dwarf-with-dsym";
				ENABLE_NS_ASSERTIONS = NO;
				ENABLE_STRICT_OBJC_MSGSEND = YES;
				GCC_C_LANGUAGE_STANDARD = gnu11;
				GCC_NO_COMMON_BLOCKS = YES;
				GCC_WARN_64_TO_32_BIT_CONVERSION = YES;
				GCC_WARN_ABOUT_RETURN_TYPE = YES_ERROR;
				GCC_WARN_UNDECLARED_SELECTOR = YES;
				GCC_WARN_UNINITIALIZED_AUTOS = YES_AGGRESSIVE;
				GCC_WARN_UNUSED_FUNCTION = YES;
				GCC_WARN_UNUSED_VARIABLE = YES;
				IPHONEOS_DEPLOYMENT_TARGET = 12.2;
				MTL_ENABLE_DEBUG_INFO = NO;
				MTL_FAST_MATH = YES;
				SDKROOT = iphoneos;
				SWIFT_COMPILATION_MODE = wholemodule;
				SWIFT_OPTIMIZATION_LEVEL = "-O";
				VALIDATE_PRODUCT = YES;
			};
			name = Release;
		};
		9679CECB225EEE00008448CA /* Debug */ = {
			isa = XCBuildConfiguration;
			baseConfigurationReference = 05B176785476FCC7D5CD6DA3 /* Pods-RealmDemo.debug.xcconfig */;
			buildSettings = {
				ASSETCATALOG_COMPILER_APPICON_NAME = AppIcon;
				CODE_SIGN_STYLE = Automatic;
				DEVELOPMENT_TEAM = MRV4V6ZTCS;
				INFOPLIST_FILE = RealmDemo/Info.plist;
				LD_RUNPATH_SEARCH_PATHS = (
					"$(inherited)",
					"@executable_path/Frameworks",
				);
				PRODUCT_BUNDLE_IDENTIFIER = com.chandler7k.RealmDemo;
				PRODUCT_NAME = "$(TARGET_NAME)";
				SWIFT_VERSION = 5.0;
				TARGETED_DEVICE_FAMILY = "1,2";
			};
			name = Debug;
		};
		9679CECC225EEE00008448CA /* Release */ = {
			isa = XCBuildConfiguration;
			baseConfigurationReference = DC55AEB381F29A23EBB6E292 /* Pods-RealmDemo.release.xcconfig */;
			buildSettings = {
				ASSETCATALOG_COMPILER_APPICON_NAME = AppIcon;
				CODE_SIGN_STYLE = Automatic;
				DEVELOPMENT_TEAM = MRV4V6ZTCS;
				INFOPLIST_FILE = RealmDemo/Info.plist;
				LD_RUNPATH_SEARCH_PATHS = (
					"$(inherited)",
					"@executable_path/Frameworks",
				);
				PRODUCT_BUNDLE_IDENTIFIER = com.chandler7k.RealmDemo;
				PRODUCT_NAME = "$(TARGET_NAME)";
				SWIFT_VERSION = 5.0;
				TARGETED_DEVICE_FAMILY = "1,2";
			};
			name = Release;
		};
		9679CECE225EEE00008448CA /* Debug */ = {
			isa = XCBuildConfiguration;
			baseConfigurationReference = 3122D5FB073FE23019C79DF3 /* Pods-RealmDemoTests.debug.xcconfig */;
			buildSettings = {
				ALWAYS_EMBED_SWIFT_STANDARD_LIBRARIES = YES;
				BUNDLE_LOADER = "$(TEST_HOST)";
				CODE_SIGN_STYLE = Automatic;
				DEVELOPMENT_TEAM = MRV4V6ZTCS;
				INFOPLIST_FILE = RealmDemoTests/Info.plist;
				LD_RUNPATH_SEARCH_PATHS = (
					"$(inherited)",
					"@executable_path/Frameworks",
					"@loader_path/Frameworks",
				);
				PRODUCT_BUNDLE_IDENTIFIER = com.chandler7k.RealmDemoTests;
				PRODUCT_NAME = "$(TARGET_NAME)";
				SWIFT_VERSION = 5.0;
				TARGETED_DEVICE_FAMILY = "1,2";
				TEST_HOST = "$(BUILT_PRODUCTS_DIR)/RealmDemo.app/RealmDemo";
			};
			name = Debug;
		};
		9679CECF225EEE00008448CA /* Release */ = {
			isa = XCBuildConfiguration;
			baseConfigurationReference = 0D925D6CEA781275887918E5 /* Pods-RealmDemoTests.release.xcconfig */;
			buildSettings = {
				ALWAYS_EMBED_SWIFT_STANDARD_LIBRARIES = YES;
				BUNDLE_LOADER = "$(TEST_HOST)";
				CODE_SIGN_STYLE = Automatic;
				DEVELOPMENT_TEAM = MRV4V6ZTCS;
				INFOPLIST_FILE = RealmDemoTests/Info.plist;
				LD_RUNPATH_SEARCH_PATHS = (
					"$(inherited)",
					"@executable_path/Frameworks",
					"@loader_path/Frameworks",
				);
				PRODUCT_BUNDLE_IDENTIFIER = com.chandler7k.RealmDemoTests;
				PRODUCT_NAME = "$(TARGET_NAME)";
				SWIFT_VERSION = 5.0;
				TARGETED_DEVICE_FAMILY = "1,2";
				TEST_HOST = "$(BUILT_PRODUCTS_DIR)/RealmDemo.app/RealmDemo";
			};
			name = Release;
		};
		9679CED1225EEE00008448CA /* Debug */ = {
			isa = XCBuildConfiguration;
			baseConfigurationReference = C817977C89114A83DD8ADEB8 /* Pods-RealmDemoUITests.debug.xcconfig */;
			buildSettings = {
				ALWAYS_EMBED_SWIFT_STANDARD_LIBRARIES = YES;
				CODE_SIGN_STYLE = Automatic;
				DEVELOPMENT_TEAM = MRV4V6ZTCS;
				INFOPLIST_FILE = RealmDemoUITests/Info.plist;
				LD_RUNPATH_SEARCH_PATHS = (
					"$(inherited)",
					"@executable_path/Frameworks",
					"@loader_path/Frameworks",
				);
				PRODUCT_BUNDLE_IDENTIFIER = com.chandler7k.RealmDemoUITests;
				PRODUCT_NAME = "$(TARGET_NAME)";
				SWIFT_VERSION = 5.0;
				TARGETED_DEVICE_FAMILY = "1,2";
				TEST_TARGET_NAME = RealmDemo;
			};
			name = Debug;
		};
		9679CED2225EEE00008448CA /* Release */ = {
			isa = XCBuildConfiguration;
			baseConfigurationReference = E56AF613D501F84636E7C566 /* Pods-RealmDemoUITests.release.xcconfig */;
			buildSettings = {
				ALWAYS_EMBED_SWIFT_STANDARD_LIBRARIES = YES;
				CODE_SIGN_STYLE = Automatic;
				DEVELOPMENT_TEAM = MRV4V6ZTCS;
				INFOPLIST_FILE = RealmDemoUITests/Info.plist;
				LD_RUNPATH_SEARCH_PATHS = (
					"$(inherited)",
					"@executable_path/Frameworks",
					"@loader_path/Frameworks",
				);
				PRODUCT_BUNDLE_IDENTIFIER = com.chandler7k.RealmDemoUITests;
				PRODUCT_NAME = "$(TARGET_NAME)";
				SWIFT_VERSION = 5.0;
				TARGETED_DEVICE_FAMILY = "1,2";
				TEST_TARGET_NAME = RealmDemo;
			};
			name = Release;
		};
/* End XCBuildConfiguration section */

/* Begin XCConfigurationList section */
		9679CE9D225EEDFE008448CA /* Build configuration list for PBXProject "RealmDemo" */ = {
			isa = XCConfigurationList;
			buildConfigurations = (
				9679CEC8225EEE00008448CA /* Debug */,
				9679CEC9225EEE00008448CA /* Release */,
			);
			defaultConfigurationIsVisible = 0;
			defaultConfigurationName = Release;
		};
		9679CECA225EEE00008448CA /* Build configuration list for PBXNativeTarget "RealmDemo" */ = {
			isa = XCConfigurationList;
			buildConfigurations = (
				9679CECB225EEE00008448CA /* Debug */,
				9679CECC225EEE00008448CA /* Release */,
			);
			defaultConfigurationIsVisible = 0;
			defaultConfigurationName = Release;
		};
		9679CECD225EEE00008448CA /* Build configuration list for PBXNativeTarget "RealmDemoTests" */ = {
			isa = XCConfigurationList;
			buildConfigurations = (
				9679CECE225EEE00008448CA /* Debug */,
				9679CECF225EEE00008448CA /* Release */,
			);
			defaultConfigurationIsVisible = 0;
			defaultConfigurationName = Release;
		};
		9679CED0225EEE00008448CA /* Build configuration list for PBXNativeTarget "RealmDemoUITests" */ = {
			isa = XCConfigurationList;
			buildConfigurations = (
				9679CED1225EEE00008448CA /* Debug */,
				9679CED2225EEE00008448CA /* Release */,
			);
			defaultConfigurationIsVisible = 0;
			defaultConfigurationName = Release;
		};
/* End XCConfigurationList section */
	};
	rootObject = 9679CE9A225EEDFE008448CA /* Project object */;
}
