// !$*UTF8*$!
{
	archiveVersion = 1;
	classes = {
	};
	objectVersion = 50;
	objects = {

/* Begin PBXBuildFile section */
		F8002579221A484A0061220C /* AppDelegate.m in Sources */ = {isa = PBXBuildFile; fileRef = F8002578221A484A0061220C /* AppDelegate.m */; };
		F800257C221A484A0061220C /* ViewController.m in Sources */ = {isa = PBXBuildFile; fileRef = F800257B221A484A0061220C /* ViewController.m */; };
		F800257F221A484A0061220C /* Main.storyboard in Resources */ = {isa = PBXBuildFile; fileRef = F800257D221A484A0061220C /* Main.storyboard */; };
		F8002581221A484B0061220C /* Assets.xcassets in Resources */ = {isa = PBXBuildFile; fileRef = F8002580221A484B0061220C /* Assets.xcassets */; };
		F8002584221A484B0061220C /* LaunchScreen.storyboard in Resources */ = {isa = PBXBuildFile; fileRef = F8002582221A484B0061220C /* LaunchScreen.storyboard */; };
		F8002587221A484B0061220C /* main.m in Sources */ = {isa = PBXBuildFile; fileRef = F8002586221A484B0061220C /* main.m */; };
		F8002591221A484B0061220C /* __5Tests.m in Sources */ = {isa = PBXBuildFile; fileRef = F8002590221A484B0061220C /* __5Tests.m */; };
		F800259C221A484B0061220C /* __5UITests.m in Sources */ = {isa = PBXBuildFile; fileRef = F800259B221A484B0061220C /* __5UITests.m */; };
		F80025AA221A4E840061220C /* Digits.png in Resources */ = {isa = PBXBuildFile; fileRef = F80025A9221A4E840061220C /* Digits.png */; };
/* End PBXBuildFile section */

/* Begin PBXContainerItemProxy section */
		F800258D221A484B0061220C /* PBXContainerItemProxy */ = {
			isa = PBXContainerItemProxy;
			containerPortal = F800256C221A484A0061220C /* Project object */;
			proxyType = 1;
			remoteGlobalIDString = F8002573221A484A0061220C;
			remoteInfo = "4-5";
		};
		F8002598221A484B0061220C /* PBXContainerItemProxy */ = {
			isa = PBXContainerItemProxy;
			containerPortal = F800256C221A484A0061220C /* Project object */;
			proxyType = 1;
			remoteGlobalIDString = F8002573221A484A0061220C;
			remoteInfo = "4-5";
		};
/* End PBXContainerItemProxy section */

/* Begin PBXFileReference section */
		F8002574221A484A0061220C /* 4-5.app */ = {isa = PBXFileReference; explicitFileType = wrapper.application; includeInIndex = 0; path = "4-5.app"; sourceTree = BUILT_PRODUCTS_DIR; };
		F8002577221A484A0061220C /* AppDelegate.h */ = {isa = PBXFileReference; lastKnownFileType = sourcecode.c.h; path = AppDelegate.h; sourceTree = "<group>"; };
		F8002578221A484A0061220C /* AppDelegate.m */ = {isa = PBXFileReference; lastKnownFileType = sourcecode.c.objc; path = AppDelegate.m; sourceTree = "<group>"; };
		F800257A221A484A0061220C /* ViewController.h */ = {isa = PBXFileReference; lastKnownFileType = sourcecode.c.h; path = ViewController.h; sourceTree = "<group>"; };
		F800257B221A484A0061220C /* ViewController.m */ = {isa = PBXFileReference; lastKnownFileType = sourcecode.c.objc; path = ViewController.m; sourceTree = "<group>"; };
		F800257E221A484A0061220C /* Base */ = {isa = PBXFileReference; lastKnownFileType = file.storyboard; name = Base; path = Base.lproj/Main.storyboard; sourceTree = "<group>"; };
		F8002580221A484B0061220C /* Assets.xcassets */ = {isa = PBXFileReference; lastKnownFileType = folder.assetcatalog; path = Assets.xcassets; sourceTree = "<group>"; };
		F8002583221A484B0061220C /* Base */ = {isa = PBXFileReference; lastKnownFileType = file.storyboard; name = Base; path = Base.lproj/LaunchScreen.storyboard; sourceTree = "<group>"; };
		F8002585221A484B0061220C /* Info.plist */ = {isa = PBXFileReference; lastKnownFileType = text.plist.xml; path = Info.plist; sourceTree = "<group>"; };
		F8002586221A484B0061220C /* main.m */ = {isa = PBXFileReference; lastKnownFileType = sourcecode.c.objc; path = main.m; sourceTree = "<group>"; };
		F800258C221A484B0061220C /* 4-5Tests.xctest */ = {isa = PBXFileReference; explicitFileType = wrapper.cfbundle; includeInIndex = 0; path = "4-5Tests.xctest"; sourceTree = BUILT_PRODUCTS_DIR; };
		F8002590221A484B0061220C /* __5Tests.m */ = {isa = PBXFileReference; lastKnownFileType = sourcecode.c.objc; path = __5Tests.m; sourceTree = "<group>"; };
		F8002592221A484B0061220C /* Info.plist */ = {isa = PBXFileReference; lastKnownFileType = text.plist.xml; path = Info.plist; sourceTree = "<group>"; };
		F8002597221A484B0061220C /* 4-5UITests.xctest */ = {isa = PBXFileReference; explicitFileType = wrapper.cfbundle; includeInIndex = 0; path = "4-5UITests.xctest"; sourceTree = BUILT_PRODUCTS_DIR; };
		F800259B221A484B0061220C /* __5UITests.m */ = {isa = PBXFileReference; lastKnownFileType = sourcecode.c.objc; path = __5UITests.m; sourceTree = "<group>"; };
		F800259D221A484B0061220C /* Info.plist */ = {isa = PBXFileReference; lastKnownFileType = text.plist.xml; path = Info.plist; sourceTree = "<group>"; };
		F80025A9221A4E840061220C /* Digits.png */ = {isa = PBXFileReference; lastKnownFileType = image.png; path = Digits.png; sourceTree = "<group>"; };
/* End PBXFileReference section */

/* Begin PBXFrameworksBuildPhase section */
		F8002571221A484A0061220C /* Frameworks */ = {
			isa = PBXFrameworksBuildPhase;
			buildActionMask = 2147483647;
			files = (
			);
			runOnlyForDeploymentPostprocessing = 0;
		};
		F8002589221A484B0061220C /* Frameworks */ = {
			isa = PBXFrameworksBuildPhase;
			buildActionMask = 2147483647;
			files = (
			);
			runOnlyForDeploymentPostprocessing = 0;
		};
		F8002594221A484B0061220C /* Frameworks */ = {
			isa = PBXFrameworksBuildPhase;
			buildActionMask = 2147483647;
			files = (
			);
			runOnlyForDeploymentPostprocessing = 0;
		};
/* End PBXFrameworksBuildPhase section */

/* Begin PBXGroup section */
		F800256B221A484A0061220C = {
			isa = PBXGroup;
			children = (
				F8002576221A484A0061220C /* 4-5 */,
				F800258F221A484B0061220C /* 4-5Tests */,
				F800259A221A484B0061220C /* 4-5UITests */,
				F8002575221A484A0061220C /* Products */,
			);
			sourceTree = "<group>";
		};
		F8002575221A484A0061220C /* Products */ = {
			isa = PBXGroup;
			children = (
				F8002574221A484A0061220C /* 4-5.app */,
				F800258C221A484B0061220C /* 4-5Tests.xctest */,
				F8002597221A484B0061220C /* 4-5UITests.xctest */,
			);
			name = Products;
			sourceTree = "<group>";
		};
		F8002576221A484A0061220C /* 4-5 */ = {
			isa = PBXGroup;
			children = (
				F8002577221A484A0061220C /* AppDelegate.h */,
				F8002578221A484A0061220C /* AppDelegate.m */,
				F800257A221A484A0061220C /* ViewController.h */,
				F800257B221A484A0061220C /* ViewController.m */,
				F80025A9221A4E840061220C /* Digits.png */,
				F800257D221A484A0061220C /* Main.storyboard */,
				F8002580221A484B0061220C /* Assets.xcassets */,
				F8002582221A484B0061220C /* LaunchScreen.storyboard */,
				F8002585221A484B0061220C /* Info.plist */,
				F8002586221A484B0061220C /* main.m */,
			);
			path = "4-5";
			sourceTree = "<group>";
		};
		F800258F221A484B0061220C /* 4-5Tests */ = {
			isa = PBXGroup;
			children = (
				F8002590221A484B0061220C /* __5Tests.m */,
				F8002592221A484B0061220C /* Info.plist */,
			);
			path = "4-5Tests";
			sourceTree = "<group>";
		};
		F800259A221A484B0061220C /* 4-5UITests */ = {
			isa = PBXGroup;
			children = (
				F800259B221A484B0061220C /* __5UITests.m */,
				F800259D221A484B0061220C /* Info.plist */,
			);
			path = "4-5UITests";
			sourceTree = "<group>";
		};
/* End PBXGroup section */

/* Begin PBXNativeTarget section */
		F8002573221A484A0061220C /* 4-5 */ = {
			isa = PBXNativeTarget;
			buildConfigurationList = F80025A0221A484B0061220C /* Build configuration list for PBXNativeTarget "4-5" */;
			buildPhases = (
				F8002570221A484A0061220C /* Sources */,
				F8002571221A484A0061220C /* Frameworks */,
				F8002572221A484A0061220C /* Resources */,
			);
			buildRules = (
			);
			dependencies = (
			);
			name = "4-5";
			productName = "4-5";
			productReference = F8002574221A484A0061220C /* 4-5.app */;
			productType = "com.apple.product-type.application";
		};
		F800258B221A484B0061220C /* 4-5Tests */ = {
			isa = PBXNativeTarget;
			buildConfigurationList = F80025A3221A484B0061220C /* Build configuration list for PBXNativeTarget "4-5Tests" */;
			buildPhases = (
				F8002588221A484B0061220C /* Sources */,
				F8002589221A484B0061220C /* Frameworks */,
				F800258A221A484B0061220C /* Resources */,
			);
			buildRules = (
			);
			dependencies = (
				F800258E221A484B0061220C /* PBXTargetDependency */,
			);
			name = "4-5Tests";
			productName = "4-5Tests";
			productReference = F800258C221A484B0061220C /* 4-5Tests.xctest */;
			productType = "com.apple.product-type.bundle.unit-test";
		};
		F8002596221A484B0061220C /* 4-5UITests */ = {
			isa = PBXNativeTarget;
			buildConfigurationList = F80025A6221A484B0061220C /* Build configuration list for PBXNativeTarget "4-5UITests" */;
			buildPhases = (
				F8002593221A484B0061220C /* Sources */,
				F8002594221A484B0061220C /* Frameworks */,
				F8002595221A484B0061220C /* Resources */,
			);
			buildRules = (
			);
			dependencies = (
				F8002599221A484B0061220C /* PBXTargetDependency */,
			);
			name = "4-5UITests";
			productName = "4-5UITests";
			productReference = F8002597221A484B0061220C /* 4-5UITests.xctest */;
			productType = "com.apple.product-type.bundle.ui-testing";
		};
/* End PBXNativeTarget section */

/* Begin PBXProject section */
		F800256C221A484A0061220C /* Project object */ = {
			isa = PBXProject;
			attributes = {
				LastUpgradeCheck = 1010;
				ORGANIZATIONNAME = zouhuanlin;
				TargetAttributes = {
					F8002573221A484A0061220C = {
						CreatedOnToolsVersion = 10.1;
					};
					F800258B221A484B0061220C = {
						CreatedOnToolsVersion = 10.1;
						TestTargetID = F8002573221A484A0061220C;
					};
					F8002596221A484B0061220C = {
						CreatedOnToolsVersion = 10.1;
						TestTargetID = F8002573221A484A0061220C;
					};
				};
			};
			buildConfigurationList = F800256F221A484A0061220C /* Build configuration list for PBXProject "4-5" */;
			compatibilityVersion = "Xcode 9.3";
			developmentRegion = en;
			hasScannedForEncodings = 0;
			knownRegions = (
				en,
				Base,
			);
			mainGroup = F800256B221A484A0061220C;
			productRefGroup = F8002575221A484A0061220C /* Products */;
			projectDirPath = "";
			projectRoot = "";
			targets = (
				F8002573221A484A0061220C /* 4-5 */,
				F800258B221A484B0061220C /* 4-5Tests */,
				F8002596221A484B0061220C /* 4-5UITests */,
			);
		};
/* End PBXProject section */

/* Begin PBXResourcesBuildPhase section */
		F8002572221A484A0061220C /* Resources */ = {
			isa = PBXResourcesBuildPhase;
			buildActionMask = 2147483647;
			files = (
				F8002584221A484B0061220C /* LaunchScreen.storyboard in Resources */,
				F80025AA221A4E840061220C /* Digits.png in Resources */,
				F8002581221A484B0061220C /* Assets.xcassets in Resources */,
				F800257F221A484A0061220C /* Main.storyboard in Resources */,
			);
			runOnlyForDeploymentPostprocessing = 0;
		};
		F800258A221A484B0061220C /* Resources */ = {
			isa = PBXResourcesBuildPhase;
			buildActionMask = 2147483647;
			files = (
			);
			runOnlyForDeploymentPostprocessing = 0;
		};
		F8002595221A484B0061220C /* Resources */ = {
			isa = PBXResourcesBuildPhase;
			buildActionMask = 2147483647;
			files = (
			);
			runOnlyForDeploymentPostprocessing = 0;
		};
/* End PBXResourcesBuildPhase section */

/* Begin PBXSourcesBuildPhase section */
		F8002570221A484A0061220C /* Sources */ = {
			isa = PBXSourcesBuildPhase;
			buildActionMask = 2147483647;
			files = (
				F800257C221A484A0061220C /* ViewController.m in Sources */,
				F8002587221A484B0061220C /* main.m in Sources */,
				F8002579221A484A0061220C /* AppDelegate.m in Sources */,
			);
			runOnlyForDeploymentPostprocessing = 0;
		};
		F8002588221A484B0061220C /* Sources */ = {
			isa = PBXSourcesBuildPhase;
			buildActionMask = 2147483647;
			files = (
				F8002591221A484B0061220C /* __5Tests.m in Sources */,
			);
			runOnlyForDeploymentPostprocessing = 0;
		};
		F8002593221A484B0061220C /* Sources */ = {
			isa = PBXSourcesBuildPhase;
			buildActionMask = 2147483647;
			files = (
				F800259C221A484B0061220C /* __5UITests.m in Sources */,
			);
			runOnlyForDeploymentPostprocessing = 0;
		};
/* End PBXSourcesBuildPhase section */

/* Begin PBXTargetDependency section */
		F800258E221A484B0061220C /* PBXTargetDependency */ = {
			isa = PBXTargetDependency;
			target = F8002573221A484A0061220C /* 4-5 */;
			targetProxy = F800258D221A484B0061220C /* PBXContainerItemProxy */;
		};
		F8002599221A484B0061220C /* PBXTargetDependency */ = {
			isa = PBXTargetDependency;
			target = F8002573221A484A0061220C /* 4-5 */;
			targetProxy = F8002598221A484B0061220C /* PBXContainerItemProxy */;
		};
/* End PBXTargetDependency section */

/* Begin PBXVariantGroup section */
		F800257D221A484A0061220C /* Main.storyboard */ = {
			isa = PBXVariantGroup;
			children = (
				F800257E221A484A0061220C /* Base */,
			);
			name = Main.storyboard;
			sourceTree = "<group>";
		};
		F8002582221A484B0061220C /* LaunchScreen.storyboard */ = {
			isa = PBXVariantGroup;
			children = (
				F8002583221A484B0061220C /* Base */,
			);
			name = LaunchScreen.storyboard;
			sourceTree = "<group>";
		};
/* End PBXVariantGroup section */

/* Begin XCBuildConfiguration section */
		F800259E221A484B0061220C /* Debug */ = {
			isa = XCBuildConfiguration;
			buildSettings = {
				ALWAYS_SEARCH_USER_PATHS = NO;
				CLANG_ANALYZER_NONNULL = YES;
				CLANG_ANALYZER_NUMBER_OBJECT_CONVERSION = YES_AGGRESSIVE;
				CLANG_CXX_LANGUAGE_STANDARD = "gnu++14";
				CLANG_CXX_LIBRARY = "libc++";
				CLANG_ENABLE_MODULES = YES;
				CLANG_ENABLE_OBJC_ARC = YES;
				CLANG_ENABLE_OBJC_WEAK = YES;
				CLANG_WARN_BLOCK_CAPTURE_AUTORELEASING = YES;
				CLANG_WARN_BOOL_CONVERSION = YES;
				CLANG_WARN_COMMA = YES;
				CLANG_WARN_CONSTANT_CONVERSION = YES;
				CLANG_WARN_DEPRECATED_OBJC_IMPLEMENTATIONS = YES;
				CLANG_WARN_DIRECT_OBJC_ISA_USAGE = YES_ERROR;
				CLANG_WARN_DOCUMENTATION_COMMENTS = YES;
				CLANG_WARN_EMPTY_BODY = YES;
				CLANG_WARN_ENUM_CONVERSION = YES;
				CLANG_WARN_INFINITE_RECURSION = YES;
				CLANG_WARN_INT_CONVERSION = YES;
				CLANG_WARN_NON_LITERAL_NULL_CONVERSION = YES;
				CLANG_WARN_OBJC_IMPLICIT_RETAIN_SELF = YES;
				CLANG_WARN_OBJC_LITERAL_CONVERSION = YES;
				CLANG_WARN_OBJC_ROOT_CLASS = YES_ERROR;
				CLANG_WARN_RANGE_LOOP_ANALYSIS = YES;
				CLANG_WARN_STRICT_PROTOTYPES = YES;
				CLANG_WARN_SUSPICIOUS_MOVE = YES;
				CLANG_WARN_UNGUARDED_AVAILABILITY = YES_AGGRESSIVE;
				CLANG_WARN_UNREACHABLE_CODE = YES;
				CLANG_WARN__DUPLICATE_METHOD_MATCH = YES;
				CODE_SIGN_IDENTITY = "iPhone Developer";
				COPY_PHASE_STRIP = NO;
				DEBUG_INFORMATION_FORMAT = dwarf;
				ENABLE_STRICT_OBJC_MSGSEND = YES;
				ENABLE_TESTABILITY = YES;
				GCC_C_LANGUAGE_STANDARD = gnu11;
				GCC_DYNAMIC_NO_PIC = NO;
				GCC_NO_COMMON_BLOCKS = YES;
				GCC_OPTIMIZATION_LEVEL = 0;
				GCC_PREPROCESSOR_DEFINITIONS = (
					"DEBUG=1",
					"$(inherited)",
				);
				GCC_WARN_64_TO_32_BIT_CONVERSION = YES;
				GCC_WARN_ABOUT_RETURN_TYPE = YES_ERROR;
				GCC_WARN_UNDECLARED_SELECTOR = YES;
				GCC_WARN_UNINITIALIZED_AUTOS = YES_AGGRESSIVE;
				GCC_WARN_UNUSED_FUNCTION = YES;
				GCC_WARN_UNUSED_VARIABLE = YES;
				IPHONEOS_DEPLOYMENT_TARGET = 12.1;
				MTL_ENABLE_DEBUG_INFO = INCLUDE_SOURCE;
				MTL_FAST_MATH = YES;
				ONLY_ACTIVE_ARCH = YES;
				SDKROOT = iphoneos;
			};
			name = Debug;
		};
		F800259F221A484B0061220C /* Release */ = {
			isa = XCBuildConfiguration;
			buildSettings = {
				ALWAYS_SEARCH_USER_PATHS = NO;
				CLANG_ANALYZER_NONNULL = YES;
				CLANG_ANALYZER_NUMBER_OBJECT_CONVERSION = YES_AGGRESSIVE;
				CLANG_CXX_LANGUAGE_STANDARD = "gnu++14";
				CLANG_CXX_LIBRARY = "libc++";
				CLANG_ENABLE_MODULES = YES;
				CLANG_ENABLE_OBJC_ARC = YES;
				CLANG_ENABLE_OBJC_WEAK = YES;
				CLANG_WARN_BLOCK_CAPTURE_AUTORELEASING = YES;
				CLANG_WARN_BOOL_CONVERSION = YES;
				CLANG_WARN_COMMA = YES;
				CLANG_WARN_CONSTANT_CONVERSION = YES;
				CLANG_WARN_DEPRECATED_OBJC_IMPLEMENTATIONS = YES;
				CLANG_WARN_DIRECT_OBJC_ISA_USAGE = YES_ERROR;
				CLANG_WARN_DOCUMENTATION_COMMENTS = YES;
				CLANG_WARN_EMPTY_BODY = YES;
				CLANG_WARN_ENUM_CONVERSION = YES;
				CLANG_WARN_INFINITE_RECURSION = YES;
				CLANG_WARN_INT_CONVERSION = YES;
				CLANG_WARN_NON_LITERAL_NULL_CONVERSION = YES;
				CLANG_WARN_OBJC_IMPLICIT_RETAIN_SELF = YES;
				CLANG_WARN_OBJC_LITERAL_CONVERSION = YES;
				CLANG_WARN_OBJC_ROOT_CLASS = YES_ERROR;
				CLANG_WARN_RANGE_LOOP_ANALYSIS = YES;
				CLANG_WARN_STRICT_PROTOTYPES = YES;
				CLANG_WARN_SUSPICIOUS_MOVE = YES;
				CLANG_WARN_UNGUARDED_AVAILABILITY = YES_AGGRESSIVE;
				CLANG_WARN_UNREACHABLE_CODE = YES;
				CLANG_WARN__DUPLICATE_METHOD_MATCH = YES;
				CODE_SIGN_IDENTITY = "iPhone Developer";
				COPY_PHASE_STRIP = NO;
				DEBUG_INFORMATION_FORMAT = "dwarf-with-dsym";
				ENABLE_NS_ASSERTIONS = NO;
				ENABLE_STRICT_OBJC_MSGSEND = YES;
				GCC_C_LANGUAGE_STANDARD = gnu11;
				GCC_NO_COMMON_BLOCKS = YES;
				GCC_WARN_64_TO_32_BIT_CONVERSION = YES;
				GCC_WARN_ABOUT_RETURN_TYPE = YES_ERROR;
				GCC_WARN_UNDECLARED_SELECTOR = YES;
				GCC_WARN_UNINITIALIZED_AUTOS = YES_AGGRESSIVE;
				GCC_WARN_UNUSED_FUNCTION = YES;
				GCC_WARN_UNUSED_VARIABLE = YES;
				IPHONEOS_DEPLOYMENT_TARGET = 12.1;
				MTL_ENABLE_DEBUG_INFO = NO;
				MTL_FAST_MATH = YES;
				SDKROOT = iphoneos;
				VALIDATE_PRODUCT = YES;
			};
			name = Release;
		};
		F80025A1221A484B0061220C /* Debug */ = {
			isa = XCBuildConfiguration;
			buildSettings = {
				ASSETCATALOG_COMPILER_APPICON_NAME = AppIcon;
				CODE_SIGN_STYLE = Automatic;
				DEVELOPMENT_TEAM = MRV4V6ZTCS;
				INFOPLIST_FILE = "4-5/Info.plist";
				LD_RUNPATH_SEARCH_PATHS = (
					"$(inherited)",
					"@executable_path/Frameworks",
				);
				PRODUCT_BUNDLE_IDENTIFIER = "chandler7k.--5";
				PRODUCT_NAME = "$(TARGET_NAME)";
				TARGETED_DEVICE_FAMILY = "1,2";
			};
			name = Debug;
		};
		F80025A2221A484B0061220C /* Release */ = {
			isa = XCBuildConfiguration;
			buildSettings = {
				ASSETCATALOG_COMPILER_APPICON_NAME = AppIcon;
				CODE_SIGN_STYLE = Automatic;
				DEVELOPMENT_TEAM = MRV4V6ZTCS;
				INFOPLIST_FILE = "4-5/Info.plist";
				LD_RUNPATH_SEARCH_PATHS = (
					"$(inherited)",
					"@executable_path/Frameworks",
				);
				PRODUCT_BUNDLE_IDENTIFIER = "chandler7k.--5";
				PRODUCT_NAME = "$(TARGET_NAME)";
				TARGETED_DEVICE_FAMILY = "1,2";
			};
			name = Release;
		};
		F80025A4221A484B0061220C /* Debug */ = {
			isa = XCBuildConfiguration;
			buildSettings = {
				BUNDLE_LOADER = "$(TEST_HOST)";
				CODE_SIGN_STYLE = Automatic;
				DEVELOPMENT_TEAM = MRV4V6ZTCS;
				INFOPLIST_FILE = "4-5Tests/Info.plist";
				LD_RUNPATH_SEARCH_PATHS = (
					"$(inherited)",
					"@executable_path/Frameworks",
					"@loader_path/Frameworks",
				);
				PRODUCT_BUNDLE_IDENTIFIER = "chandler7k.--5Tests";
				PRODUCT_NAME = "$(TARGET_NAME)";
				TARGETED_DEVICE_FAMILY = "1,2";
				TEST_HOST = "$(BUILT_PRODUCTS_DIR)/4-5.app/4-5";
			};
			name = Debug;
		};
		F80025A5221A484B0061220C /* Release */ = {
			isa = XCBuildConfiguration;
			buildSettings = {
				BUNDLE_LOADER = "$(TEST_HOST)";
				CODE_SIGN_STYLE = Automatic;
				DEVELOPMENT_TEAM = MRV4V6ZTCS;
				INFOPLIST_FILE = "4-5Tests/Info.plist";
				LD_RUNPATH_SEARCH_PATHS = (
					"$(inherited)",
					"@executable_path/Frameworks",
					"@loader_path/Frameworks",
				);
				PRODUCT_BUNDLE_IDENTIFIER = "chandler7k.--5Tests";
				PRODUCT_NAME = "$(TARGET_NAME)";
				TARGETED_DEVICE_FAMILY = "1,2";
				TEST_HOST = "$(BUILT_PRODUCTS_DIR)/4-5.app/4-5";
			};
			name = Release;
		};
		F80025A7221A484B0061220C /* Debug */ = {
			isa = XCBuildConfiguration;
			buildSettings = {
				CODE_SIGN_STYLE = Automatic;
				DEVELOPMENT_TEAM = MRV4V6ZTCS;
				INFOPLIST_FILE = "4-5UITests/Info.plist";
				LD_RUNPATH_SEARCH_PATHS = (
					"$(inherited)",
					"@executable_path/Frameworks",
					"@loader_path/Frameworks",
				);
				PRODUCT_BUNDLE_IDENTIFIER = "chandler7k.--5UITests";
				PRODUCT_NAME = "$(TARGET_NAME)";
				TARGETED_DEVICE_FAMILY = "1,2";
				TEST_TARGET_NAME = "4-5";
			};
			name = Debug;
		};
		F80025A8221A484B0061220C /* Release */ = {
			isa = XCBuildConfiguration;
			buildSettings = {
				CODE_SIGN_STYLE = Automatic;
				DEVELOPMENT_TEAM = MRV4V6ZTCS;
				INFOPLIST_FILE = "4-5UITests/Info.plist";
				LD_RUNPATH_SEARCH_PATHS = (
					"$(inherited)",
					"@executable_path/Frameworks",
					"@loader_path/Frameworks",
				);
				PRODUCT_BUNDLE_IDENTIFIER = "chandler7k.--5UITests";
				PRODUCT_NAME = "$(TARGET_NAME)";
				TARGETED_DEVICE_FAMILY = "1,2";
				TEST_TARGET_NAME = "4-5";
			};
			name = Release;
		};
/* End XCBuildConfiguration section */

/* Begin XCConfigurationList section */
		F800256F221A484A0061220C /* Build configuration list for PBXProject "4-5" */ = {
			isa = XCConfigurationList;
			buildConfigurations = (
				F800259E221A484B0061220C /* Debug */,
				F800259F221A484B0061220C /* Release */,
			);
			defaultConfigurationIsVisible = 0;
			defaultConfigurationName = Release;
		};
		F80025A0221A484B0061220C /* Build configuration list for PBXNativeTarget "4-5" */ = {
			isa = XCConfigurationList;
			buildConfigurations = (
				F80025A1221A484B0061220C /* Debug */,
				F80025A2221A484B0061220C /* Release */,
			);
			defaultConfigurationIsVisible = 0;
			defaultConfigurationName = Release;
		};
		F80025A3221A484B0061220C /* Build configuration list for PBXNativeTarget "4-5Tests" */ = {
			isa = XCConfigurationList;
			buildConfigurations = (
				F80025A4221A484B0061220C /* Debug */,
				F80025A5221A484B0061220C /* Release */,
			);
			defaultConfigurationIsVisible = 0;
			defaultConfigurationName = Release;
		};
		F80025A6221A484B0061220C /* Build configuration list for PBXNativeTarget "4-5UITests" */ = {
			isa = XCConfigurationList;
			buildConfigurations = (
				F80025A7221A484B0061220C /* Debug */,
				F80025A8221A484B0061220C /* Release */,
			);
			defaultConfigurationIsVisible = 0;
			defaultConfigurationName = Release;
		};
/* End XCConfigurationList section */
	};
	rootObject = F800256C221A484A0061220C /* Project object */;
}
