// !$*UTF8*$!
{
	archiveVersion = 1;
	classes = {
	};
	objectVersion = 50;
	objects = {

/* Begin PBXBuildFile section */
		F800276B221BDCE50061220C /* AppDelegate.m in Sources */ = {isa = PBXBuildFile; fileRef = F800276A221BDCE50061220C /* AppDelegate.m */; };
		F800276E221BDCE50061220C /* ViewController.m in Sources */ = {isa = PBXBuildFile; fileRef = F800276D221BDCE50061220C /* ViewController.m */; };
		F8002771221BDCE50061220C /* Main.storyboard in Resources */ = {isa = PBXBuildFile; fileRef = F800276F221BDCE50061220C /* Main.storyboard */; };
		F8002773221BDCE50061220C /* Assets.xcassets in Resources */ = {isa = PBXBuildFile; fileRef = F8002772221BDCE50061220C /* Assets.xcassets */; };
		F8002776221BDCE50061220C /* LaunchScreen.storyboard in Resources */ = {isa = PBXBuildFile; fileRef = F8002774221BDCE50061220C /* LaunchScreen.storyboard */; };
		F8002779221BDCE50061220C /* main.m in Sources */ = {isa = PBXBuildFile; fileRef = F8002778221BDCE50061220C /* main.m */; };
		F8002783221BDCE50061220C /* __2Tests.m in Sources */ = {isa = PBXBuildFile; fileRef = F8002782221BDCE50061220C /* __2Tests.m */; };
		F800278E221BDCE50061220C /* __2UITests.m in Sources */ = {isa = PBXBuildFile; fileRef = F800278D221BDCE50061220C /* __2UITests.m */; };
/* End PBXBuildFile section */

/* Begin PBXContainerItemProxy section */
		F800277F221BDCE50061220C /* PBXContainerItemProxy */ = {
			isa = PBXContainerItemProxy;
			containerPortal = F800275E221BDCE50061220C /* Project object */;
			proxyType = 1;
			remoteGlobalIDString = F8002765221BDCE50061220C;
			remoteInfo = "6-2";
		};
		F800278A221BDCE50061220C /* PBXContainerItemProxy */ = {
			isa = PBXContainerItemProxy;
			containerPortal = F800275E221BDCE50061220C /* Project object */;
			proxyType = 1;
			remoteGlobalIDString = F8002765221BDCE50061220C;
			remoteInfo = "6-2";
		};
/* End PBXContainerItemProxy section */

/* Begin PBXFileReference section */
		F8002766221BDCE50061220C /* 6-2.app */ = {isa = PBXFileReference; explicitFileType = wrapper.application; includeInIndex = 0; path = "6-2.app"; sourceTree = BUILT_PRODUCTS_DIR; };
		F8002769221BDCE50061220C /* AppDelegate.h */ = {isa = PBXFileReference; lastKnownFileType = sourcecode.c.h; path = AppDelegate.h; sourceTree = "<group>"; };
		F800276A221BDCE50061220C /* AppDelegate.m */ = {isa = PBXFileReference; lastKnownFileType = sourcecode.c.objc; path = AppDelegate.m; sourceTree = "<group>"; };
		F800276C221BDCE50061220C /* ViewController.h */ = {isa = PBXFileReference; lastKnownFileType = sourcecode.c.h; path = ViewController.h; sourceTree = "<group>"; };
		F800276D221BDCE50061220C /* ViewController.m */ = {isa = PBXFileReference; lastKnownFileType = sourcecode.c.objc; path = ViewController.m; sourceTree = "<group>"; };
		F8002770221BDCE50061220C /* Base */ = {isa = PBXFileReference; lastKnownFileType = file.storyboard; name = Base; path = Base.lproj/Main.storyboard; sourceTree = "<group>"; };
		F8002772221BDCE50061220C /* Assets.xcassets */ = {isa = PBXFileReference; lastKnownFileType = folder.assetcatalog; path = Assets.xcassets; sourceTree = "<group>"; };
		F8002775221BDCE50061220C /* Base */ = {isa = PBXFileReference; lastKnownFileType = file.storyboard; name = Base; path = Base.lproj/LaunchScreen.storyboard; sourceTree = "<group>"; };
		F8002777221BDCE50061220C /* Info.plist */ = {isa = PBXFileReference; lastKnownFileType = text.plist.xml; path = Info.plist; sourceTree = "<group>"; };
		F8002778221BDCE50061220C /* main.m */ = {isa = PBXFileReference; lastKnownFileType = sourcecode.c.objc; path = main.m; sourceTree = "<group>"; };
		F800277E221BDCE50061220C /* 6-2Tests.xctest */ = {isa = PBXFileReference; explicitFileType = wrapper.cfbundle; includeInIndex = 0; path = "6-2Tests.xctest"; sourceTree = BUILT_PRODUCTS_DIR; };
		F8002782221BDCE50061220C /* __2Tests.m */ = {isa = PBXFileReference; lastKnownFileType = sourcecode.c.objc; path = __2Tests.m; sourceTree = "<group>"; };
		F8002784221BDCE50061220C /* Info.plist */ = {isa = PBXFileReference; lastKnownFileType = text.plist.xml; path = Info.plist; sourceTree = "<group>"; };
		F8002789221BDCE50061220C /* 6-2UITests.xctest */ = {isa = PBXFileReference; explicitFileType = wrapper.cfbundle; includeInIndex = 0; path = "6-2UITests.xctest"; sourceTree = BUILT_PRODUCTS_DIR; };
		F800278D221BDCE50061220C /* __2UITests.m */ = {isa = PBXFileReference; lastKnownFileType = sourcecode.c.objc; path = __2UITests.m; sourceTree = "<group>"; };
		F800278F221BDCE50061220C /* Info.plist */ = {isa = PBXFileReference; lastKnownFileType = text.plist.xml; path = Info.plist; sourceTree = "<group>"; };
/* End PBXFileReference section */

/* Begin PBXFrameworksBuildPhase section */
		F8002763221BDCE50061220C /* Frameworks */ = {
			isa = PBXFrameworksBuildPhase;
			buildActionMask = 2147483647;
			files = (
			);
			runOnlyForDeploymentPostprocessing = 0;
		};
		F800277B221BDCE50061220C /* Frameworks */ = {
			isa = PBXFrameworksBuildPhase;
			buildActionMask = 2147483647;
			files = (
			);
			runOnlyForDeploymentPostprocessing = 0;
		};
		F8002786221BDCE50061220C /* Frameworks */ = {
			isa = PBXFrameworksBuildPhase;
			buildActionMask = 2147483647;
			files = (
			);
			runOnlyForDeploymentPostprocessing = 0;
		};
/* End PBXFrameworksBuildPhase section */

/* Begin PBXGroup section */
		F800275D221BDCE50061220C = {
			isa = PBXGroup;
			children = (
				F8002768221BDCE50061220C /* 6-2 */,
				F8002781221BDCE50061220C /* 6-2Tests */,
				F800278C221BDCE50061220C /* 6-2UITests */,
				F8002767221BDCE50061220C /* Products */,
			);
			sourceTree = "<group>";
		};
		F8002767221BDCE50061220C /* Products */ = {
			isa = PBXGroup;
			children = (
				F8002766221BDCE50061220C /* 6-2.app */,
				F800277E221BDCE50061220C /* 6-2Tests.xctest */,
				F8002789221BDCE50061220C /* 6-2UITests.xctest */,
			);
			name = Products;
			sourceTree = "<group>";
		};
		F8002768221BDCE50061220C /* 6-2 */ = {
			isa = PBXGroup;
			children = (
				F8002769221BDCE50061220C /* AppDelegate.h */,
				F800276A221BDCE50061220C /* AppDelegate.m */,
				F800276C221BDCE50061220C /* ViewController.h */,
				F800276D221BDCE50061220C /* ViewController.m */,
				F800276F221BDCE50061220C /* Main.storyboard */,
				F8002772221BDCE50061220C /* Assets.xcassets */,
				F8002774221BDCE50061220C /* LaunchScreen.storyboard */,
				F8002777221BDCE50061220C /* Info.plist */,
				F8002778221BDCE50061220C /* main.m */,
			);
			path = "6-2";
			sourceTree = "<group>";
		};
		F8002781221BDCE50061220C /* 6-2Tests */ = {
			isa = PBXGroup;
			children = (
				F8002782221BDCE50061220C /* __2Tests.m */,
				F8002784221BDCE50061220C /* Info.plist */,
			);
			path = "6-2Tests";
			sourceTree = "<group>";
		};
		F800278C221BDCE50061220C /* 6-2UITests */ = {
			isa = PBXGroup;
			children = (
				F800278D221BDCE50061220C /* __2UITests.m */,
				F800278F221BDCE50061220C /* Info.plist */,
			);
			path = "6-2UITests";
			sourceTree = "<group>";
		};
/* End PBXGroup section */

/* Begin PBXNativeTarget section */
		F8002765221BDCE50061220C /* 6-2 */ = {
			isa = PBXNativeTarget;
			buildConfigurationList = F8002792221BDCE50061220C /* Build configuration list for PBXNativeTarget "6-2" */;
			buildPhases = (
				F8002762221BDCE50061220C /* Sources */,
				F8002763221BDCE50061220C /* Frameworks */,
				F8002764221BDCE50061220C /* Resources */,
			);
			buildRules = (
			);
			dependencies = (
			);
			name = "6-2";
			productName = "6-2";
			productReference = F8002766221BDCE50061220C /* 6-2.app */;
			productType = "com.apple.product-type.application";
		};
		F800277D221BDCE50061220C /* 6-2Tests */ = {
			isa = PBXNativeTarget;
			buildConfigurationList = F8002795221BDCE50061220C /* Build configuration list for PBXNativeTarget "6-2Tests" */;
			buildPhases = (
				F800277A221BDCE50061220C /* Sources */,
				F800277B221BDCE50061220C /* Frameworks */,
				F800277C221BDCE50061220C /* Resources */,
			);
			buildRules = (
			);
			dependencies = (
				F8002780221BDCE50061220C /* PBXTargetDependency */,
			);
			name = "6-2Tests";
			productName = "6-2Tests";
			productReference = F800277E221BDCE50061220C /* 6-2Tests.xctest */;
			productType = "com.apple.product-type.bundle.unit-test";
		};
		F8002788221BDCE50061220C /* 6-2UITests */ = {
			isa = PBXNativeTarget;
			buildConfigurationList = F8002798221BDCE50061220C /* Build configuration list for PBXNativeTarget "6-2UITests" */;
			buildPhases = (
				F8002785221BDCE50061220C /* Sources */,
				F8002786221BDCE50061220C /* Frameworks */,
				F8002787221BDCE50061220C /* Resources */,
			);
			buildRules = (
			);
			dependencies = (
				F800278B221BDCE50061220C /* PBXTargetDependency */,
			);
			name = "6-2UITests";
			productName = "6-2UITests";
			productReference = F8002789221BDCE50061220C /* 6-2UITests.xctest */;
			productType = "com.apple.product-type.bundle.ui-testing";
		};
/* End PBXNativeTarget section */

/* Begin PBXProject section */
		F800275E221BDCE50061220C /* Project object */ = {
			isa = PBXProject;
			attributes = {
				LastUpgradeCheck = 1010;
				ORGANIZATIONNAME = zouhuanlin;
				TargetAttributes = {
					F8002765221BDCE50061220C = {
						CreatedOnToolsVersion = 10.1;
					};
					F800277D221BDCE50061220C = {
						CreatedOnToolsVersion = 10.1;
						TestTargetID = F8002765221BDCE50061220C;
					};
					F8002788221BDCE50061220C = {
						CreatedOnToolsVersion = 10.1;
						TestTargetID = F8002765221BDCE50061220C;
					};
				};
			};
			buildConfigurationList = F8002761221BDCE50061220C /* Build configuration list for PBXProject "6-2" */;
			compatibilityVersion = "Xcode 9.3";
			developmentRegion = en;
			hasScannedForEncodings = 0;
			knownRegions = (
				en,
				Base,
			);
			mainGroup = F800275D221BDCE50061220C;
			productRefGroup = F8002767221BDCE50061220C /* Products */;
			projectDirPath = "";
			projectRoot = "";
			targets = (
				F8002765221BDCE50061220C /* 6-2 */,
				F800277D221BDCE50061220C /* 6-2Tests */,
				F8002788221BDCE50061220C /* 6-2UITests */,
			);
		};
/* End PBXProject section */

/* Begin PBXResourcesBuildPhase section */
		F8002764221BDCE50061220C /* Resources */ = {
			isa = PBXResourcesBuildPhase;
			buildActionMask = 2147483647;
			files = (
				F8002776221BDCE50061220C /* LaunchScreen.storyboard in Resources */,
				F8002773221BDCE50061220C /* Assets.xcassets in Resources */,
				F8002771221BDCE50061220C /* Main.storyboard in Resources */,
			);
			runOnlyForDeploymentPostprocessing = 0;
		};
		F800277C221BDCE50061220C /* Resources */ = {
			isa = PBXResourcesBuildPhase;
			buildActionMask = 2147483647;
			files = (
			);
			runOnlyForDeploymentPostprocessing = 0;
		};
		F8002787221BDCE50061220C /* Resources */ = {
			isa = PBXResourcesBuildPhase;
			buildActionMask = 2147483647;
			files = (
			);
			runOnlyForDeploymentPostprocessing = 0;
		};
/* End PBXResourcesBuildPhase section */

/* Begin PBXSourcesBuildPhase section */
		F8002762221BDCE50061220C /* Sources */ = {
			isa = PBXSourcesBuildPhase;
			buildActionMask = 2147483647;
			files = (
				F800276E221BDCE50061220C /* ViewController.m in Sources */,
				F8002779221BDCE50061220C /* main.m in Sources */,
				F800276B221BDCE50061220C /* AppDelegate.m in Sources */,
			);
			runOnlyForDeploymentPostprocessing = 0;
		};
		F800277A221BDCE50061220C /* Sources */ = {
			isa = PBXSourcesBuildPhase;
			buildActionMask = 2147483647;
			files = (
				F8002783221BDCE50061220C /* __2Tests.m in Sources */,
			);
			runOnlyForDeploymentPostprocessing = 0;
		};
		F8002785221BDCE50061220C /* Sources */ = {
			isa = PBXSourcesBuildPhase;
			buildActionMask = 2147483647;
			files = (
				F800278E221BDCE50061220C /* __2UITests.m in Sources */,
			);
			runOnlyForDeploymentPostprocessing = 0;
		};
/* End PBXSourcesBuildPhase section */

/* Begin PBXTargetDependency section */
		F8002780221BDCE50061220C /* PBXTargetDependency */ = {
			isa = PBXTargetDependency;
			target = F8002765221BDCE50061220C /* 6-2 */;
			targetProxy = F800277F221BDCE50061220C /* PBXContainerItemProxy */;
		};
		F800278B221BDCE50061220C /* PBXTargetDependency */ = {
			isa = PBXTargetDependency;
			target = F8002765221BDCE50061220C /* 6-2 */;
			targetProxy = F800278A221BDCE50061220C /* PBXContainerItemProxy */;
		};
/* End PBXTargetDependency section */

/* Begin PBXVariantGroup section */
		F800276F221BDCE50061220C /* Main.storyboard */ = {
			isa = PBXVariantGroup;
			children = (
				F8002770221BDCE50061220C /* Base */,
			);
			name = Main.storyboard;
			sourceTree = "<group>";
		};
		F8002774221BDCE50061220C /* LaunchScreen.storyboard */ = {
			isa = PBXVariantGroup;
			children = (
				F8002775221BDCE50061220C /* Base */,
			);
			name = LaunchScreen.storyboard;
			sourceTree = "<group>";
		};
/* End PBXVariantGroup section */

/* Begin XCBuildConfiguration section */
		F8002790221BDCE50061220C /* Debug */ = {
			isa = XCBuildConfiguration;
			buildSettings = {
				ALWAYS_SEARCH_USER_PATHS = NO;
				CLANG_ANALYZER_NONNULL = YES;
				CLANG_ANALYZER_NUMBER_OBJECT_CONVERSION = YES_AGGRESSIVE;
				CLANG_CXX_LANGUAGE_STANDARD = "gnu++14";
				CLANG_CXX_LIBRARY = "libc++";
				CLANG_ENABLE_MODULES = YES;
				CLANG_ENABLE_OBJC_ARC = YES;
				CLANG_ENABLE_OBJC_WEAK = YES;
				CLANG_WARN_BLOCK_CAPTURE_AUTORELEASING = YES;
				CLANG_WARN_BOOL_CONVERSION = YES;
				CLANG_WARN_COMMA = YES;
				CLANG_WARN_CONSTANT_CONVERSION = YES;
				CLANG_WARN_DEPRECATED_OBJC_IMPLEMENTATIONS = YES;
				CLANG_WARN_DIRECT_OBJC_ISA_USAGE = YES_ERROR;
				CLANG_WARN_DOCUMENTATION_COMMENTS = YES;
				CLANG_WARN_EMPTY_BODY = YES;
				CLANG_WARN_ENUM_CONVERSION = YES;
				CLANG_WARN_INFINITE_RECURSION = YES;
				CLANG_WARN_INT_CONVERSION = YES;
				CLANG_WARN_NON_LITERAL_NULL_CONVERSION = YES;
				CLANG_WARN_OBJC_IMPLICIT_RETAIN_SELF = YES;
				CLANG_WARN_OBJC_LITERAL_CONVERSION = YES;
				CLANG_WARN_OBJC_ROOT_CLASS = YES_ERROR;
				CLANG_WARN_RANGE_LOOP_ANALYSIS = YES;
				CLANG_WARN_STRICT_PROTOTYPES = YES;
				CLANG_WARN_SUSPICIOUS_MOVE = YES;
				CLANG_WARN_UNGUARDED_AVAILABILITY = YES_AGGRESSIVE;
				CLANG_WARN_UNREACHABLE_CODE = YES;
				CLANG_WARN__DUPLICATE_METHOD_MATCH = YES;
				CODE_SIGN_IDENTITY = "iPhone Developer";
				COPY_PHASE_STRIP = NO;
				DEBUG_INFORMATION_FORMAT = dwarf;
				ENABLE_STRICT_OBJC_MSGSEND = YES;
				ENABLE_TESTABILITY = YES;
				GCC_C_LANGUAGE_STANDARD = gnu11;
				GCC_DYNAMIC_NO_PIC = NO;
				GCC_NO_COMMON_BLOCKS = YES;
				GCC_OPTIMIZATION_LEVEL = 0;
				GCC_PREPROCESSOR_DEFINITIONS = (
					"DEBUG=1",
					"$(inherited)",
				);
				GCC_WARN_64_TO_32_BIT_CONVERSION = YES;
				GCC_WARN_ABOUT_RETURN_TYPE = YES_ERROR;
				GCC_WARN_UNDECLARED_SELECTOR = YES;
				GCC_WARN_UNINITIALIZED_AUTOS = YES_AGGRESSIVE;
				GCC_WARN_UNUSED_FUNCTION = YES;
				GCC_WARN_UNUSED_VARIABLE = YES;
				IPHONEOS_DEPLOYMENT_TARGET = 12.1;
				MTL_ENABLE_DEBUG_INFO = INCLUDE_SOURCE;
				MTL_FAST_MATH = YES;
				ONLY_ACTIVE_ARCH = YES;
				SDKROOT = iphoneos;
			};
			name = Debug;
		};
		F8002791221BDCE50061220C /* Release */ = {
			isa = XCBuildConfiguration;
			buildSettings = {
				ALWAYS_SEARCH_USER_PATHS = NO;
				CLANG_ANALYZER_NONNULL = YES;
				CLANG_ANALYZER_NUMBER_OBJECT_CONVERSION = YES_AGGRESSIVE;
				CLANG_CXX_LANGUAGE_STANDARD = "gnu++14";
				CLANG_CXX_LIBRARY = "libc++";
				CLANG_ENABLE_MODULES = YES;
				CLANG_ENABLE_OBJC_ARC = YES;
				CLANG_ENABLE_OBJC_WEAK = YES;
				CLANG_WARN_BLOCK_CAPTURE_AUTORELEASING = YES;
				CLANG_WARN_BOOL_CONVERSION = YES;
				CLANG_WARN_COMMA = YES;
				CLANG_WARN_CONSTANT_CONVERSION = YES;
				CLANG_WARN_DEPRECATED_OBJC_IMPLEMENTATIONS = YES;
				CLANG_WARN_DIRECT_OBJC_ISA_USAGE = YES_ERROR;
				CLANG_WARN_DOCUMENTATION_COMMENTS = YES;
				CLANG_WARN_EMPTY_BODY = YES;
				CLANG_WARN_ENUM_CONVERSION = YES;
				CLANG_WARN_INFINITE_RECURSION = YES;
				CLANG_WARN_INT_CONVERSION = YES;
				CLANG_WARN_NON_LITERAL_NULL_CONVERSION = YES;
				CLANG_WARN_OBJC_IMPLICIT_RETAIN_SELF = YES;
				CLANG_WARN_OBJC_LITERAL_CONVERSION = YES;
				CLANG_WARN_OBJC_ROOT_CLASS = YES_ERROR;
				CLANG_WARN_RANGE_LOOP_ANALYSIS = YES;
				CLANG_WARN_STRICT_PROTOTYPES = YES;
				CLANG_WARN_SUSPICIOUS_MOVE = YES;
				CLANG_WARN_UNGUARDED_AVAILABILITY = YES_AGGRESSIVE;
				CLANG_WARN_UNREACHABLE_CODE = YES;
				CLANG_WARN__DUPLICATE_METHOD_MATCH = YES;
				CODE_SIGN_IDENTITY = "iPhone Developer";
				COPY_PHASE_STRIP = NO;
				DEBUG_INFORMATION_FORMAT = "dwarf-with-dsym";
				ENABLE_NS_ASSERTIONS = NO;
				ENABLE_STRICT_OBJC_MSGSEND = YES;
				GCC_C_LANGUAGE_STANDARD = gnu11;
				GCC_NO_COMMON_BLOCKS = YES;
				GCC_WARN_64_TO_32_BIT_CONVERSION = YES;
				GCC_WARN_ABOUT_RETURN_TYPE = YES_ERROR;
				GCC_WARN_UNDECLARED_SELECTOR = YES;
				GCC_WARN_UNINITIALIZED_AUTOS = YES_AGGRESSIVE;
				GCC_WARN_UNUSED_FUNCTION = YES;
				GCC_WARN_UNUSED_VARIABLE = YES;
				IPHONEOS_DEPLOYMENT_TARGET = 12.1;
				MTL_ENABLE_DEBUG_INFO = NO;
				MTL_FAST_MATH = YES;
				SDKROOT = iphoneos;
				VALIDATE_PRODUCT = YES;
			};
			name = Release;
		};
		F8002793221BDCE50061220C /* Debug */ = {
			isa = XCBuildConfiguration;
			buildSettings = {
				ASSETCATALOG_COMPILER_APPICON_NAME = AppIcon;
				CODE_SIGN_STYLE = Automatic;
				DEVELOPMENT_TEAM = MRV4V6ZTCS;
				INFOPLIST_FILE = "6-2/Info.plist";
				LD_RUNPATH_SEARCH_PATHS = (
					"$(inherited)",
					"@executable_path/Frameworks",
				);
				PRODUCT_BUNDLE_IDENTIFIER = "chandler7k.--2";
				PRODUCT_NAME = "$(TARGET_NAME)";
				TARGETED_DEVICE_FAMILY = "1,2";
			};
			name = Debug;
		};
		F8002794221BDCE50061220C /* Release */ = {
			isa = XCBuildConfiguration;
			buildSettings = {
				ASSETCATALOG_COMPILER_APPICON_NAME = AppIcon;
				CODE_SIGN_STYLE = Automatic;
				DEVELOPMENT_TEAM = MRV4V6ZTCS;
				INFOPLIST_FILE = "6-2/Info.plist";
				LD_RUNPATH_SEARCH_PATHS = (
					"$(inherited)",
					"@executable_path/Frameworks",
				);
				PRODUCT_BUNDLE_IDENTIFIER = "chandler7k.--2";
				PRODUCT_NAME = "$(TARGET_NAME)";
				TARGETED_DEVICE_FAMILY = "1,2";
			};
			name = Release;
		};
		F8002796221BDCE50061220C /* Debug */ = {
			isa = XCBuildConfiguration;
			buildSettings = {
				BUNDLE_LOADER = "$(TEST_HOST)";
				CODE_SIGN_STYLE = Automatic;
				DEVELOPMENT_TEAM = MRV4V6ZTCS;
				INFOPLIST_FILE = "6-2Tests/Info.plist";
				LD_RUNPATH_SEARCH_PATHS = (
					"$(inherited)",
					"@executable_path/Frameworks",
					"@loader_path/Frameworks",
				);
				PRODUCT_BUNDLE_IDENTIFIER = "chandler7k.--2Tests";
				PRODUCT_NAME = "$(TARGET_NAME)";
				TARGETED_DEVICE_FAMILY = "1,2";
				TEST_HOST = "$(BUILT_PRODUCTS_DIR)/6-2.app/6-2";
			};
			name = Debug;
		};
		F8002797221BDCE50061220C /* Release */ = {
			isa = XCBuildConfiguration;
			buildSettings = {
				BUNDLE_LOADER = "$(TEST_HOST)";
				CODE_SIGN_STYLE = Automatic;
				DEVELOPMENT_TEAM = MRV4V6ZTCS;
				INFOPLIST_FILE = "6-2Tests/Info.plist";
				LD_RUNPATH_SEARCH_PATHS = (
					"$(inherited)",
					"@executable_path/Frameworks",
					"@loader_path/Frameworks",
				);
				PRODUCT_BUNDLE_IDENTIFIER = "chandler7k.--2Tests";
				PRODUCT_NAME = "$(TARGET_NAME)";
				TARGETED_DEVICE_FAMILY = "1,2";
				TEST_HOST = "$(BUILT_PRODUCTS_DIR)/6-2.app/6-2";
			};
			name = Release;
		};
		F8002799221BDCE50061220C /* Debug */ = {
			isa = XCBuildConfiguration;
			buildSettings = {
				CODE_SIGN_STYLE = Automatic;
				DEVELOPMENT_TEAM = MRV4V6ZTCS;
				INFOPLIST_FILE = "6-2UITests/Info.plist";
				LD_RUNPATH_SEARCH_PATHS = (
					"$(inherited)",
					"@executable_path/Frameworks",
					"@loader_path/Frameworks",
				);
				PRODUCT_BUNDLE_IDENTIFIER = "chandler7k.--2UITests";
				PRODUCT_NAME = "$(TARGET_NAME)";
				TARGETED_DEVICE_FAMILY = "1,2";
				TEST_TARGET_NAME = "6-2";
			};
			name = Debug;
		};
		F800279A221BDCE50061220C /* Release */ = {
			isa = XCBuildConfiguration;
			buildSettings = {
				CODE_SIGN_STYLE = Automatic;
				DEVELOPMENT_TEAM = MRV4V6ZTCS;
				INFOPLIST_FILE = "6-2UITests/Info.plist";
				LD_RUNPATH_SEARCH_PATHS = (
					"$(inherited)",
					"@executable_path/Frameworks",
					"@loader_path/Frameworks",
				);
				PRODUCT_BUNDLE_IDENTIFIER = "chandler7k.--2UITests";
				PRODUCT_NAME = "$(TARGET_NAME)";
				TARGETED_DEVICE_FAMILY = "1,2";
				TEST_TARGET_NAME = "6-2";
			};
			name = Release;
		};
/* End XCBuildConfiguration section */

/* Begin XCConfigurationList section */
		F8002761221BDCE50061220C /* Build configuration list for PBXProject "6-2" */ = {
			isa = XCConfigurationList;
			buildConfigurations = (
				F8002790221BDCE50061220C /* Debug */,
				F8002791221BDCE50061220C /* Release */,
			);
			defaultConfigurationIsVisible = 0;
			defaultConfigurationName = Release;
		};
		F8002792221BDCE50061220C /* Build configuration list for PBXNativeTarget "6-2" */ = {
			isa = XCConfigurationList;
			buildConfigurations = (
				F8002793221BDCE50061220C /* Debug */,
				F8002794221BDCE50061220C /* Release */,
			);
			defaultConfigurationIsVisible = 0;
			defaultConfigurationName = Release;
		};
		F8002795221BDCE50061220C /* Build configuration list for PBXNativeTarget "6-2Tests" */ = {
			isa = XCConfigurationList;
			buildConfigurations = (
				F8002796221BDCE50061220C /* Debug */,
				F8002797221BDCE50061220C /* Release */,
			);
			defaultConfigurationIsVisible = 0;
			defaultConfigurationName = Release;
		};
		F8002798221BDCE50061220C /* Build configuration list for PBXNativeTarget "6-2UITests" */ = {
			isa = XCConfigurationList;
			buildConfigurations = (
				F8002799221BDCE50061220C /* Debug */,
				F800279A221BDCE50061220C /* Release */,
			);
			defaultConfigurationIsVisible = 0;
			defaultConfigurationName = Release;
		};
/* End XCConfigurationList section */
	};
	rootObject = F800275E221BDCE50061220C /* Project object */;
}
